
Microsoft Visual Studio Solution File, Format Version 12.00
# Visual Studio Version 16
VisualStudioVersion = 16.0.29806.167
MinimumVisualStudioVersion = 10.0.40219.1
Project("{8BC9CEB8-8B4A-11D0-8D11-00A0C91BC942}") = "exchange", "exchange\exchange.vcxproj", "{DCD3A242-1B9F-4802-BB8C-6B5F61681016}"
EndProject
Global
	GlobalSection(SolutionConfigurationPlatforms) = preSolution
		Debug|x64 = Debug|x64
		Debug|x86 = Debug|x86
		Release|x64 = Release|x64
		Release|x86 = Release|x86
	EndGlobalSection
	GlobalSection(ProjectConfigurationPlatforms) = postSolution
		{DCD3A242-1B9F-4802-BB8C-6B5F61681016}.Debug|x64.ActiveCfg = Debug|x64
		{DCD3A242-1B9F-4802-BB8C-6B5F61681016}.Debug|x64.Build.0 = Debug|x64
		{DCD3A242-1B9F-4802-BB8C-6B5F61681016}.Debug|x86.ActiveCfg = Debug|Win32
		{DCD3A242-1B9F-4802-BB8C-6B5F61681016}.Debug|x86.Build.0 = Debug|Win32
		{DCD3A242-1B9F-4802-BB8C-6B5F61681016}.Release|x64.ActiveCfg = Release|x64
		{DCD3A242-1B9F-4802-BB8C-6B5F61681016}.Release|x64.Build.0 = Release|x64
		{DCD3A242-1B9F-4802-BB8C-6B5F61681016}.Release|x86.ActiveCfg = Release|Win32
		{DCD3A242-1B9F-4802-BB8C-6B5F61681016}.Release|x86.Build.0 = Release|Win32
	EndGlobalSection
	GlobalSection(SolutionProperties) = preSolution
		HideSolutionNode = FALSE
	EndGlobalSection
	GlobalSection(ExtensibilityGlobals) = postSolution
		SolutionGuid = {06F03F52-31F9-43C0-89FE-DCAE1D5F1C1E}
	EndGlobalSection
EndGlobal
